[[package]]
name = "autopep8"
version = "1.6.0"
description = "A tool that automatically formats Python code to conform to the PEP 8 style guide"
category = "dev"
optional = false
python-versions = "*"

[package.dependencies]
pycodestyle = ">=2.8.0"
toml = "*"

[[package]]
name = "box2d"
version = "2.3.10"
description = "Python Box2D"
category = "main"
optional = false
python-versions = "*"

[[package]]
name = "cffi"
version = "1.15.0"
description = "Foreign Function Interface for Python calling C code."
category = "main"
optional = false
python-versions = "*"

[package.dependencies]
pycparser = "*"

[[package]]
name = "cloudpickle"
version = "2.0.0"
description = "Extended pickling support for Python objects"
category = "main"
optional = false
python-versions = ">=3.6"

[[package]]
name = "cpprb"
version = "10.5.1"
description = "ReplayBuffer for Reinforcement Learning written by C++ and Cython"
category = "main"
optional = false
python-versions = "*"

[package.dependencies]
numpy = "*"

[package.extras]
all = ["matplotlib", "pyvirtualdisplay", "sphinx", "sphinx-rtd-theme", "sphinx-automodapi", "coverage", "cython", "gym", "twine", "unittest-xml-reporting", "wheel"]
api = ["sphinx", "sphinx-rtd-theme", "sphinx-automodapi"]
dev = ["coverage", "cython", "gym", "twine", "unittest-xml-reporting", "wheel"]
gym = ["matplotlib", "pyvirtualdisplay"]

[[package]]
name = "cython"
version = "0.29.27"
description = "The Cython compiler for writing C extensions for the Python language."
category = "main"
optional = false
python-versions = ">=2.6, !=3.0.*, !=3.1.*, !=3.2.*"

[[package]]
name = "fasteners"
version = "0.17.3"
description = "A python package that provides useful locks"
category = "main"
optional = false
python-versions = ">=3.6"

[[package]]
name = "glfw"
version = "2.5.0"
description = "A ctypes-based wrapper for GLFW3."
category = "main"
optional = false
python-versions = "*"

[package.extras]
preview = ["glfw-preview"]

[[package]]
name = "gym"
version = "0.21.0"
description = "Gym: A universal API for reinforcement learning environments."
category = "main"
optional = false
python-versions = ">=3.6"

[package.dependencies]
cloudpickle = ">=1.2.0"
numpy = ">=1.18.0"

[package.extras]
accept-rom-license = ["autorom[accept-rom-license] (>=0.4.2,<0.5.0)"]
all = ["mujoco_py (>=1.50,<2.0)", "lz4 (>=3.1.0)", "opencv-python (>=3)", "ale-py (>=0.7.1,<0.8.0)", "pyglet (>=1.4.0)", "scipy (>=1.4.1)", "box2d-py (==2.3.5)", "pyglet (>=1.4.0)", "ale-py (>=0.7.1,<0.8.0)", "lz4 (>=3.1.0)", "opencv-python (>=3)", "pyglet (>=1.4.0)", "box2d-py (==2.3.5)", "pyglet (>=1.4.0)", "scipy (>=1.4.1)", "mujoco_py (>=1.50,<2.0)"]
atari = ["ale-py (>=0.7.1,<0.8.0)"]
box2d = ["box2d-py (==2.3.5)", "pyglet (>=1.4.0)"]
classic_control = ["pyglet (>=1.4.0)"]
mujoco = ["mujoco_py (>=1.50,<2.0)"]
nomujoco = ["lz4 (>=3.1.0)", "opencv-python (>=3)", "ale-py (>=0.7.1,<0.8.0)", "pyglet (>=1.4.0)", "scipy (>=1.4.1)", "box2d-py (==2.3.5)", "pyglet (>=1.4.0)"]
other = ["lz4 (>=3.1.0)", "opencv-python (>=3)"]
robotics = ["mujoco_py (>=1.50,<2.0)"]
toy_text = ["scipy (>=1.4.1)"]

[[package]]
name = "imageio"
version = "2.15.0"
description = "Library for reading and writing a wide range of image, video, scientific, and volumetric data formats."
category = "main"
optional = false
python-versions = ">=3.5"

[package.dependencies]
numpy = "*"
pillow = ">=8.3.2"

[package.extras]
build = ["wheel"]
dev = ["invoke", "pytest", "pytest-cov", "fsspec", "black", "flake8"]
docs = ["sphinx", "numpydoc", "pydata-sphinx-theme"]
ffmpeg = ["imageio-ffmpeg", "psutil"]
fits = ["astropy"]
full = ["astropy", "black", "flake8", "fsspec", "gdal", "imageio-ffmpeg", "invoke", "itk", "numpydoc", "psutil", "pydata-sphinx-theme", "pytest", "pytest-cov", "sphinx", "tifffile", "wheel"]
gdal = ["gdal"]
itk = ["itk"]
linting = ["black", "flake8"]
test = ["invoke", "pytest", "pytest-cov", "fsspec"]
tifffile = ["tifffile"]

[[package]]
name = "mujoco-py"
version = "2.1.2.14"
description = ""
category = "main"
optional = false
python-versions = ">=3.6"

[package.dependencies]
cffi = ">=1.10"
Cython = ">=0.27.2"
fasteners = ">=0.15,<1.0"
glfw = ">=1.4.0"
imageio = ">=2.1.2"
numpy = ">=1.11"

[[package]]
name = "numpy"
version = "1.22.2"
description = "NumPy is the fundamental package for array computing with Python."
category = "main"
optional = false
python-versions = ">=3.8"

[[package]]
name = "pettingzoo"
version = "1.15.0"
description = "Gym for multi-agent reinforcement learning"
category = "main"
optional = false
python-versions = ">=3.7, <3.11"

[package.dependencies]
gym = ">=0.21.0"
numpy = ">=1.18.0"

[package.extras]
all = ["multi_agent_ale_py (==0.1.11)", "pygame (==2.1.0)", "chess (==1.7.0)", "rlcard (==1.0.4)", "pygame (==2.1.0)", "hanabi_learning_environment (==0.0.1)", "pygame (==2.1.0)", "pymunk (==6.2.0)", "magent (==0.1.14)", "pyglet (>=1.4.0)", "pygame (==2.1.0)", "box2d-py (==2.3.5)", "scipy (>=1.4.1)", "pillow (>=8.0.1)"]
atari = ["multi_agent_ale_py (==0.1.11)", "pygame (==2.1.0)"]
butterfly = ["pygame (==2.1.0)", "pymunk (==6.2.0)"]
classic = ["chess (==1.7.0)", "rlcard (==1.0.4)", "pygame (==2.1.0)", "hanabi_learning_environment (==0.0.1)"]
magent = ["magent (==0.1.14)"]
mpe = ["pyglet (>=1.4.0)"]
other = ["pillow (>=8.0.1)"]
sisl = ["pygame (==2.1.0)", "box2d-py (==2.3.5)", "scipy (>=1.4.1)"]
tests = ["pynput"]

[[package]]
name = "pillow"
version = "9.0.1"
description = "Python Imaging Library (Fork)"
category = "main"
optional = false
python-versions = ">=3.7"

[[package]]
name = "pycodestyle"
version = "2.8.0"
description = "Python style guide checker"
category = "dev"
optional = false
python-versions = ">=2.7, !=3.0.*, !=3.1.*, !=3.2.*, !=3.3.*, !=3.4.*"

[[package]]
name = "pycparser"
version = "2.21"
description = "C parser in Python"
category = "main"
optional = false
python-versions = ">=2.7, !=3.0.*, !=3.1.*, !=3.2.*, !=3.3.*"

[[package]]
name = "pyglet"
version = "1.5.21"
description = "Cross-platform windowing and multimedia library"
category = "main"
optional = false
python-versions = "*"

[[package]]
name = "toml"
version = "0.10.2"
description = "Python Library for Tom's Obvious, Minimal Language"
category = "dev"
optional = false
python-versions = ">=2.6, !=3.0.*, !=3.1.*, !=3.2.*"

[[package]]
name = "torch"
version = "1.10.1+cpu"
description = "Tensors and Dynamic neural networks in Python with strong GPU acceleration"
category = "main"
optional = false
python-versions = ">=3.6.2"

[package.dependencies]
typing-extensions = "*"

[package.source]
type = "url"
url = "https://download.pytorch.org/whl/cpu/torch-1.10.1%2Bcpu-cp38-cp38-linux_x86_64.whl"

[[package]]
name = "typing-extensions"
version = "4.0.1"
description = "Backported and Experimental Type Hints for Python 3.6+"
category = "main"
optional = false
python-versions = ">=3.6"

[metadata]
lock-version = "1.1"
python-versions = "3.8.*"
content-hash = "3555cee3724abc5a562941145eaba5bff1dfecb65a5a13569f6b1595f72a5f9e"

[metadata.files]
autopep8 = [
    {file = "autopep8-1.6.0-py2.py3-none-any.whl", hash = "sha256:ed77137193bbac52d029a52c59bec1b0629b5a186c495f1eb21b126ac466083f"},
    {file = "autopep8-1.6.0.tar.gz", hash = "sha256:44f0932855039d2c15c4510d6df665e4730f2b8582704fa48f9c55bd3e17d979"},
]
box2d = [
    {file = "Box2D-2.3.10-cp27-cp27m-win32.whl", hash = "sha256:d7ec7cc89e0f6eef5fe713c5b6ff767725e4ff61a5a3cc15babf42563a842e80"},
    {file = "Box2D-2.3.10-cp35-cp35m-macosx_10_6_intel.whl", hash = "sha256:34928b2d5dc8479a0b3dfae39a44a0e7c7ad5a57cfbeba41d4fe48453bfaa77a"},
    {file = "Box2D-2.3.10-cp35-cp35m-manylinux1_i686.whl", hash = "sha256:0b55fbbe30e2e78e79c35473be94fc7aecba0a9d9d120e52170191b7975ff020"},
    {file = "Box2D-2.3.10-cp35-cp35m-manylinux1_x86_64.whl", hash = "sha256:54fe770d353257a779661a16fb559d7dfc4da831726eef232aebb75ae590dfb9"},
    {file = "Box2D-2.3.10-cp36-cp36m-macosx_10_9_x86_64.whl", hash = "sha256:dccfee7b64af849fb0d410ab3bdecd7b99115df228083b8f3782ea244875d22c"},
    {file = "Box2D-2.3.10-cp36-cp36m-manylinux1_i686.whl", hash = "sha256:9b9836bb36e7e44d6fddb77ccc7b3fff29d8a6bc638948ddd622fd45fdbaddda"},
    {file = "Box2D-2.3.10-cp36-cp36m-manylinux1_x86_64.whl", hash = "sha256:6c3bbca0e4eb0a681439c477fc6c7bdd4d8e9d93e9d18fd8dbae682467512049"},
    {file = "Box2D-2.3.10-cp36-cp36m-win32.whl", hash = "sha256:69e25c3fe590d8736163c5783d02cd3c5a0d50cb0e045672ff6e95e560d48fa3"},
    {file = "Box2D-2.3.10-cp36-cp36m-win_amd64.whl", hash = "sha256:257d8779decaa3ffbbfb7f7b3261e635775db1b93955ad95efbc8563a464bc7d"},
    {file = "Box2D-2.3.10-cp37-cp37m-macosx_10_9_x86_64.whl", hash = "sha256:d1d7f298b6c4f5e862fdeabd59a8b0e21269647cff615a3f76fea9d2934ad7ca"},
    {file = "Box2D-2.3.10-cp37-cp37m-manylinux1_i686.whl", hash = "sha256:e4870ae6caa491264456be1cdbceeba7f14de51a9fdaa19fa0e5871d22b519f6"},
    {file = "Box2D-2.3.10-cp37-cp37m-manylinux1_x86_64.whl", hash = "sha256:827e224751130ffc608b60fcb2d21390200cd5ea1cc86c15eae1b08abb3f1266"},
    {file = "Box2D-2.3.10-cp37-cp37m-win32.whl", hash = "sha256:dc682ba34473fdbd2d901a96db651662f7af09c423f98faca1cb430ed2c0188a"},
    {file = "Box2D-2.3.10-cp37-cp37m-win_amd64.whl", hash = "sha256:11687af5d483e54c3b1afe3d159e07830d6338b936950853a942b7a579b862b6"},
    {file = "Box2D-2.3.10-cp38-cp38-macosx_10_9_x86_64.whl", hash = "sha256:9dd6a58d2dcf1b3b2e91ce2b5d50b548f53cad055739fb3f2cfd6296bd5ed138"},
    {file = "Box2D-2.3.10-cp38-cp38-manylinux1_i686.whl", hash = "sha256:edf96b308df449b9051e6f8079c926cfa4106c065d04608594b91b9f6d1dcb43"},
    {file = "Box2D-2.3.10-cp38-cp38-manylinux1_x86_64.whl", hash = "sha256:802975ac751df1d7f5e98086503227cc74ad0033c7509eb0fb08d3dd9598fea9"},
    {file = "Box2D-2.3.10-cp38-cp38-win32.whl", hash = "sha256:dca4b52b75ceb0dcc7de0d07f5fee639c707326d8a266bb89994cd3f713859f8"},
    {file = "Box2D-2.3.10-cp38-cp38-win_amd64.whl", hash = "sha256:777f5d8f56ca10821f0e08363887058e94e9b1c5c1a6d5d007e5c2a93c0d6215"},
]
cffi = [
    {file = "cffi-1.15.0-cp27-cp27m-macosx_10_9_x86_64.whl", hash = "sha256:c2502a1a03b6312837279c8c1bd3ebedf6c12c4228ddbad40912d671ccc8a962"},
    {file = "cffi-1.15.0-cp27-cp27m-manylinux1_i686.whl", hash = "sha256:23cfe892bd5dd8941608f93348c0737e369e51c100d03718f108bf1add7bd6d0"},
    {file = "cffi-1.15.0-cp27-cp27m-manylinux1_x86_64.whl", hash = "sha256:41d45de54cd277a7878919867c0f08b0cf817605e4eb94093e7516505d3c8d14"},
    {file = "cffi-1.15.0-cp27-cp27m-win32.whl", hash = "sha256:4a306fa632e8f0928956a41fa8e1d6243c71e7eb59ffbd165fc0b41e316b2474"},
    {file = "cffi-1.15.0-cp27-cp27m-win_amd64.whl", hash = "sha256:e7022a66d9b55e93e1a845d8c9eba2a1bebd4966cd8bfc25d9cd07d515b33fa6"},
    {file = "cffi-1.15.0-cp27-cp27mu-manylinux1_i686.whl", hash = "sha256:14cd121ea63ecdae71efa69c15c5543a4b5fbcd0bbe2aad864baca0063cecf27"},
    {file = "cffi-1.15.0-cp27-cp27mu-manylinux1_x86_64.whl", hash = "sha256:d4d692a89c5cf08a8557fdeb329b82e7bf609aadfaed6c0d79f5a449a3c7c023"},
    {file = "cffi-1.15.0-cp310-cp310-macosx_10_9_x86_64.whl", hash = "sha256:0104fb5ae2391d46a4cb082abdd5c69ea4eab79d8d44eaaf79f1b1fd806ee4c2"},
    {file = "cffi-1.15.0-cp310-cp310-macosx_11_0_arm64.whl", hash = "sha256:91ec59c33514b7c7559a6acda53bbfe1b283949c34fe7440bcf917f96ac0723e"},
    {file = "cffi-1.15.0-cp310-cp310-manylinux_2_12_i686.manylinux2010_i686.whl", hash = "sha256:f5c7150ad32ba43a07c4479f40241756145a1f03b43480e058cfd862bf5041c7"},
    {file = "cffi-1.15.0-cp310-cp310-manylinux_2_12_x86_64.manylinux2010_x86_64.whl", hash = "sha256:00c878c90cb53ccfaae6b8bc18ad05d2036553e6d9d1d9dbcf323bbe83854ca3"},
    {file = "cffi-1.15.0-cp310-cp310-manylinux_2_17_aarch64.manylinux2014_aarch64.whl", hash = "sha256:abb9a20a72ac4e0fdb50dae135ba5e77880518e742077ced47eb1499e29a443c"},
    {file = "cffi-1.15.0-cp310-cp310-manylinux_2_17_ppc64le.manylinux2014_ppc64le.whl", hash = "sha256:a5263e363c27b653a90078143adb3d076c1a748ec9ecc78ea2fb916f9b861962"},
    {file = "cffi-1.15.0-cp310-cp310-manylinux_2_17_s390x.manylinux2014_s390x.whl", hash = "sha256:f54a64f8b0c8ff0b64d18aa76675262e1700f3995182267998c31ae974fbc382"},
    {file = "cffi-1.15.0-cp310-cp310-win32.whl", hash = "sha256:c21c9e3896c23007803a875460fb786118f0cdd4434359577ea25eb556e34c55"},
    {file = "cffi-1.15.0-cp310-cp310-win_amd64.whl", hash = "sha256:5e069f72d497312b24fcc02073d70cb989045d1c91cbd53979366077959933e0"},
    {file = "cffi-1.15.0-cp36-cp36m-macosx_10_9_x86_64.whl", hash = "sha256:64d4ec9f448dfe041705426000cc13e34e6e5bb13736e9fd62e34a0b0c41566e"},
    {file = "cffi-1.15.0-cp36-cp36m-manylinux_2_17_aarch64.manylinux2014_aarch64.whl", hash = "sha256:2756c88cbb94231c7a147402476be2c4df2f6078099a6f4a480d239a8817ae39"},
    {file = "cffi-1.15.0-cp36-cp36m-manylinux_2_17_ppc64le.manylinux2014_ppc64le.whl", hash = "sha256:3b96a311ac60a3f6be21d2572e46ce67f09abcf4d09344c49274eb9e0bf345fc"},
    {file = "cffi-1.15.0-cp36-cp36m-manylinux_2_17_s390x.manylinux2014_s390x.whl", hash = "sha256:75e4024375654472cc27e91cbe9eaa08567f7fbdf822638be2814ce059f58032"},
    {file = "cffi-1.15.0-cp36-cp36m-manylinux_2_5_i686.manylinux1_i686.whl", hash = "sha256:59888172256cac5629e60e72e86598027aca6bf01fa2465bdb676d37636573e8"},
    {file = "cffi-1.15.0-cp36-cp36m-manylinux_2_5_x86_64.manylinux1_x86_64.whl", hash = "sha256:27c219baf94952ae9d50ec19651a687b826792055353d07648a5695413e0c605"},
    {file = "cffi-1.15.0-cp36-cp36m-win32.whl", hash = "sha256:4958391dbd6249d7ad855b9ca88fae690783a6be9e86df65865058ed81fc860e"},
    {file = "cffi-1.15.0-cp36-cp36m-win_amd64.whl", hash = "sha256:f6f824dc3bce0edab5f427efcfb1d63ee75b6fcb7282900ccaf925be84efb0fc"},
    {file = "cffi-1.15.0-cp37-cp37m-macosx_10_9_x86_64.whl", hash = "sha256:06c48159c1abed75c2e721b1715c379fa3200c7784271b3c46df01383b593636"},
    {file = "cffi-1.15.0-cp37-cp37m-manylinux_2_12_i686.manylinux2010_i686.whl", hash = "sha256:c2051981a968d7de9dd2d7b87bcb9c939c74a34626a6e2f8181455dd49ed69e4"},
    {file = "cffi-1.15.0-cp37-cp37m-manylinux_2_12_x86_64.manylinux2010_x86_64.whl", hash = "sha256:fd8a250edc26254fe5b33be00402e6d287f562b6a5b2152dec302fa15bb3e997"},
    {file = "cffi-1.15.0-cp37-cp37m-manylinux_2_17_aarch64.manylinux2014_aarch64.whl", hash = "sha256:91d77d2a782be4274da750752bb1650a97bfd8f291022b379bb8e01c66b4e96b"},
    {file = "cffi-1.15.0-cp37-cp37m-manylinux_2_17_ppc64le.manylinux2014_ppc64le.whl", hash = "sha256:45db3a33139e9c8f7c09234b5784a5e33d31fd6907800b316decad50af323ff2"},
    {file = "cffi-1.15.0-cp37-cp37m-manylinux_2_17_s390x.manylinux2014_s390x.whl", hash = "sha256:263cc3d821c4ab2213cbe8cd8b355a7f72a8324577dc865ef98487c1aeee2bc7"},
    {file = "cffi-1.15.0-cp37-cp37m-win32.whl", hash = "sha256:17771976e82e9f94976180f76468546834d22a7cc404b17c22df2a2c81db0c66"},
    {file = "cffi-1.15.0-cp37-cp37m-win_amd64.whl", hash = "sha256:3415c89f9204ee60cd09b235810be700e993e343a408693e80ce7f6a40108029"},
    {file = "cffi-1.15.0-cp38-cp38-macosx_10_9_x86_64.whl", hash = "sha256:4238e6dab5d6a8ba812de994bbb0a79bddbdf80994e4ce802b6f6f3142fcc880"},
    {file = "cffi-1.15.0-cp38-cp38-manylinux_2_12_i686.manylinux2010_i686.whl", hash = "sha256:0808014eb713677ec1292301ea4c81ad277b6cdf2fdd90fd540af98c0b101d20"},
    {file = "cffi-1.15.0-cp38-cp38-manylinux_2_12_x86_64.manylinux2010_x86_64.whl", hash = "sha256:57e9ac9ccc3101fac9d6014fba037473e4358ef4e89f8e181f8951a2c0162024"},
    {file = "cffi-1.15.0-cp38-cp38-manylinux_2_17_aarch64.manylinux2014_aarch64.whl", hash = "sha256:8b6c2ea03845c9f501ed1313e78de148cd3f6cad741a75d43a29b43da27f2e1e"},
    {file = "cffi-1.15.0-cp38-cp38-manylinux_2_17_ppc64le.manylinux2014_ppc64le.whl", hash = "sha256:10dffb601ccfb65262a27233ac273d552ddc4d8ae1bf93b21c94b8511bffe728"},
    {file = "cffi-1.15.0-cp38-cp38-manylinux_2_17_s390x.manylinux2014_s390x.whl", hash = "sha256:786902fb9ba7433aae840e0ed609f45c7bcd4e225ebb9c753aa39725bb3e6ad6"},
    {file = "cffi-1.15.0-cp38-cp38-win32.whl", hash = "sha256:da5db4e883f1ce37f55c667e5c0de439df76ac4cb55964655906306918e7363c"},
    {file = "cffi-1.15.0-cp38-cp38-win_amd64.whl", hash = "sha256:181dee03b1170ff1969489acf1c26533710231c58f95534e3edac87fff06c443"},
    {file = "cffi-1.15.0-cp39-cp39-macosx_10_9_x86_64.whl", hash = "sha256:45e8636704eacc432a206ac7345a5d3d2c62d95a507ec70d62f23cd91770482a"},
    {file = "cffi-1.15.0-cp39-cp39-macosx_11_0_arm64.whl", hash = "sha256:31fb708d9d7c3f49a60f04cf5b119aeefe5644daba1cd2a0fe389b674fd1de37"},
    {file = "cffi-1.15.0-cp39-cp39-manylinux_2_12_i686.manylinux2010_i686.whl", hash = "sha256:6dc2737a3674b3e344847c8686cf29e500584ccad76204efea14f451d4cc669a"},
    {file = "cffi-1.15.0-cp39-cp39-manylinux_2_12_x86_64.manylinux2010_x86_64.whl", hash = "sha256:74fdfdbfdc48d3f47148976f49fab3251e550a8720bebc99bf1483f5bfb5db3e"},
    {file = "cffi-1.15.0-cp39-cp39-manylinux_2_17_aarch64.manylinux2014_aarch64.whl", hash = "sha256:ffaa5c925128e29efbde7301d8ecaf35c8c60ffbcd6a1ffd3a552177c8e5e796"},
    {file = "cffi-1.15.0-cp39-cp39-manylinux_2_17_ppc64le.manylinux2014_ppc64le.whl", hash = "sha256:3f7d084648d77af029acb79a0ff49a0ad7e9d09057a9bf46596dac9514dc07df"},
    {file = "cffi-1.15.0-cp39-cp39-manylinux_2_17_s390x.manylinux2014_s390x.whl", hash = "sha256:ef1f279350da2c586a69d32fc8733092fd32cc8ac95139a00377841f59a3f8d8"},
    {file = "cffi-1.15.0-cp39-cp39-win32.whl", hash = "sha256:2a23af14f408d53d5e6cd4e3d9a24ff9e05906ad574822a10563efcef137979a"},
    {file = "cffi-1.15.0-cp39-cp39-win_amd64.whl", hash = "sha256:3773c4d81e6e818df2efbc7dd77325ca0dcb688116050fb2b3011218eda36139"},
    {file = "cffi-1.15.0.tar.gz", hash = "sha256:920f0d66a896c2d99f0adbb391f990a84091179542c205fa53ce5787aff87954"},
]
cloudpickle = [
    {file = "cloudpickle-2.0.0-py3-none-any.whl", hash = "sha256:6b2df9741d06f43839a3275c4e6632f7df6487a1f181f5f46a052d3c917c3d11"},
    {file = "cloudpickle-2.0.0.tar.gz", hash = "sha256:5cd02f3b417a783ba84a4ec3e290ff7929009fe51f6405423cfccfadd43ba4a4"},
]
cpprb = [
    {file = "cpprb-10.5.1-cp36-cp36m-macosx_10_14_x86_64.whl", hash = "sha256:d0dc3098ebcd006edbe807a32b15f956b9d473018a6cf1b57feff278df62d796"},
    {file = "cpprb-10.5.1-cp36-cp36m-manylinux_2_17_aarch64.manylinux2014_aarch64.whl", hash = "sha256:891599ae51f190d04238ad25b027b8e4189bccb7e3ca54b63fbe87763a240d95"},
    {file = "cpprb-10.5.1-cp36-cp36m-manylinux_2_5_x86_64.manylinux1_x86_64.manylinux_2_12_x86_64.manylinux2010_x86_64.whl", hash = "sha256:7f8e2e285f03bc06f205f0fb4fa6b96fe76a8c8e7e51b7c0743d7747159d97bc"},
    {file = "cpprb-10.5.1-cp36-cp36m-win_amd64.whl", hash = "sha256:b29d23aa75a7586c35e746442a6690b8e1099ca3d8a7abae1360d31c0f5161a3"},
    {file = "cpprb-10.5.1-cp37-cp37m-macosx_10_14_x86_64.whl", hash = "sha256:d56638f8a1a37bcb52b1a2a37b5c2f440160609339f135d16ce133204f9a3f30"},
    {file = "cpprb-10.5.1-cp37-cp37m-manylinux_2_17_aarch64.manylinux2014_aarch64.whl", hash = "sha256:ad88cb6de4315976a2ff03e9cf2596613bffbc665ece303aa1d59cb91ea2e8b1"},
    {file = "cpprb-10.5.1-cp37-cp37m-manylinux_2_5_x86_64.manylinux1_x86_64.manylinux_2_12_x86_64.manylinux2010_x86_64.whl", hash = "sha256:d2d13aa0a888913ac37411b4a9c1b162bbeb1dfd49c7d13bfe2e5e021bce5cb5"},
    {file = "cpprb-10.5.1-cp37-cp37m-win_amd64.whl", hash = "sha256:96ba4ca80bd90942af3cfb4336484afa8c342d039150559a2e27804c7ae6434e"},
    {file = "cpprb-10.5.1-cp38-cp38-macosx_10_14_x86_64.whl", hash = "sha256:0f9f9ae4df126cb747d9c6acffc21c70e4dfb72a2732aac62c9546f551e3ffac"},
    {file = "cpprb-10.5.1-cp38-cp38-manylinux_2_17_aarch64.manylinux2014_aarch64.whl", hash = "sha256:bcbf352760e7adc46cb6026a662df823679669be6e8e007eb8ae16c3a35d135f"},
    {file = "cpprb-10.5.1-cp38-cp38-manylinux_2_5_x86_64.manylinux1_x86_64.manylinux_2_12_x86_64.manylinux2010_x86_64.whl", hash = "sha256:e50e501cf8d93d20e827ee0a56775cf9a4795eb6f6c2ce85d269502ff7b28557"},
    {file = "cpprb-10.5.1-cp38-cp38-win_amd64.whl", hash = "sha256:0f058c4bf172d26296f2c46f1ac3b4ac1788714b9fbc6f19f36f6a6e3264f92f"},
    {file = "cpprb-10.5.1-cp39-cp39-macosx_10_15_x86_64.whl", hash = "sha256:37fd8f4544e33a6dc8758c7dcac571590f43360c48e5c9383dd5ed13cfeb5346"},
    {file = "cpprb-10.5.1-cp39-cp39-manylinux_2_17_aarch64.manylinux2014_aarch64.whl", hash = "sha256:2246c5a710cab236265432ef2811d02e668b41b9a5054b52fa258aaa424299cd"},
    {file = "cpprb-10.5.1-cp39-cp39-manylinux_2_5_x86_64.manylinux1_x86_64.manylinux_2_12_x86_64.manylinux2010_x86_64.whl", hash = "sha256:1b85e827ea5e4ff5d2b66d5e8979a2f1b7e9fc5a55f41f462d8a4d604fec4dac"},
    {file = "cpprb-10.5.1-cp39-cp39-win_amd64.whl", hash = "sha256:f497197a5e28d6be7ab6d0c63ae05a5cb19f7047c8d2b21f712a3260a0099c70"},
    {file = "cpprb-10.5.1.tar.gz", hash = "sha256:21fc2a3a07f71ac700f4b108ef296d17d7a07b508ace724d80e15c36dd4c887a"},
]
cython = [
    {file = "Cython-0.29.27-cp27-cp27m-manylinux_2_5_i686.manylinux1_i686.whl", hash = "sha256:af2b4e1e267737dae1732f02a9b567f58420a3e2f572dc4416829647ec109886"},
    {file = "Cython-0.29.27-cp27-cp27m-manylinux_2_5_x86_64.manylinux1_x86_64.whl", hash = "sha256:62326774873cd1eff0cf7ca9132a1b6442541fe67c84dcfe97beb6a30f983b22"},
    {file = "Cython-0.29.27-cp27-cp27mu-manylinux_2_5_i686.manylinux1_i686.whl", hash = "sha256:0cb3da73547ed22d4b579990c229620b274d6935e3964f21abe15e4f7af6abf1"},
    {file = "Cython-0.29.27-cp27-cp27mu-manylinux_2_5_x86_64.manylinux1_x86_64.whl", hash = "sha256:314280475ba4ab334e6b40e502a1b3b36ac37a710a63b0a74c6a61dde5f7593c"},
    {file = "Cython-0.29.27-cp310-cp310-manylinux_2_17_aarch64.manylinux2014_aarch64.manylinux_2_24_aarch64.whl", hash = "sha256:8e2963153212c3e699276059095fd9e20c5c97872b6dda893e7acfc5cef64df8"},
    {file = "Cython-0.29.27-cp310-cp310-manylinux_2_17_x86_64.manylinux2014_x86_64.manylinux_2_24_x86_64.whl", hash = "sha256:80ea3b60d5e5b3b13ce90a4071734bbd88cf688fcfd3c82db0b47ae1e944c6a2"},
    {file = "Cython-0.29.27-cp310-cp310-manylinux_2_5_i686.manylinux1_i686.manylinux_2_24_i686.whl", hash = "sha256:25cb8e663dbd1e14a8f05dd6a79974ce6f0232b4dc417000fd790938face0304"},
    {file = "Cython-0.29.27-cp310-cp310-musllinux_1_1_x86_64.whl", hash = "sha256:7f3a5b826d9650268ff9bd7308bf79d8077b3b452da03337656d455bba05a9be"},
    {file = "Cython-0.29.27-cp35-cp35m-manylinux_2_5_i686.manylinux1_i686.whl", hash = "sha256:a1035e568cdc48dbd74f565828b36019fdb1b1437b3d7c1164c6f2a0757608f7"},
    {file = "Cython-0.29.27-cp35-cp35m-manylinux_2_5_x86_64.manylinux1_x86_64.whl", hash = "sha256:179e8cf796f72df8977705c7887eee3231945f665c594ad1631fe690363bfb8e"},
    {file = "Cython-0.29.27-cp36-cp36m-manylinux_2_17_aarch64.manylinux2014_aarch64.manylinux_2_24_aarch64.whl", hash = "sha256:abcefbfb2c8f1b35c121a727745eb03c64cc15d0d71ebd827a6ce5c609503daa"},
    {file = "Cython-0.29.27-cp36-cp36m-manylinux_2_17_x86_64.manylinux2014_x86_64.manylinux_2_24_x86_64.whl", hash = "sha256:7742cac4a5a41c73309bc1bab568e955ad35eacaedf3b00971bc44afe0b5f04e"},
    {file = "Cython-0.29.27-cp36-cp36m-manylinux_2_5_i686.manylinux1_i686.manylinux_2_24_i686.whl", hash = "sha256:f4a01915e33a524fca2a1e2512c0afc07f9fc51637f874bed1a831b56e789374"},
    {file = "Cython-0.29.27-cp36-cp36m-manylinux_2_5_i686.manylinux1_i686.whl", hash = "sha256:3138e4f89cb7e79d35bd6cbefe2d62c4723f2184ee414905ee0981ae0fbd92d6"},
    {file = "Cython-0.29.27-cp36-cp36m-manylinux_2_5_x86_64.manylinux1_x86_64.whl", hash = "sha256:2dfdb4d5f63a0ae6748592b319878cbe360b12997cd8074836ef159381955d16"},
    {file = "Cython-0.29.27-cp36-cp36m-musllinux_1_1_x86_64.whl", hash = "sha256:4b9dbe37907b6b76d9673720e848209399b48530f6ab6178fa3a49d1af4a8d00"},
    {file = "Cython-0.29.27-cp37-cp37m-manylinux_2_17_aarch64.manylinux2014_aarch64.manylinux_2_24_aarch64.whl", hash = "sha256:ab4301aabcd75a436df0bbe13dbd9a3a9b6d3ad6aeb3ab577606af1642e134c2"},
    {file = "Cython-0.29.27-cp37-cp37m-manylinux_2_17_x86_64.manylinux2014_x86_64.manylinux_2_24_x86_64.whl", hash = "sha256:93e9f7c522f5ab3ea4e32ce6f42b123cb0bd9cdfe49726b5e43c4e5719654146"},
    {file = "Cython-0.29.27-cp37-cp37m-manylinux_2_5_i686.manylinux1_i686.manylinux_2_24_i686.whl", hash = "sha256:6d337965a49dd52bc410685dbf63f2a95d6aa8d8be153a87c4178a06ff0e8ccd"},
    {file = "Cython-0.29.27-cp37-cp37m-manylinux_2_5_i686.manylinux1_i686.whl", hash = "sha256:1500dce7ae102bb27243b92a8461b9f7fd08c4514886e9a0da8b266de8e5c561"},
    {file = "Cython-0.29.27-cp37-cp37m-manylinux_2_5_x86_64.manylinux1_x86_64.whl", hash = "sha256:03e0e9164e0a279c094897c6ae1505d816da59f98d664a77911b8d33f492e3f3"},
    {file = "Cython-0.29.27-cp37-cp37m-musllinux_1_1_x86_64.whl", hash = "sha256:0636e377ad81b8a106b12cddc57d3e69df94e03c77bdbccd0bd4394dda2484c9"},
    {file = "Cython-0.29.27-cp38-cp38-manylinux_2_17_aarch64.manylinux2014_aarch64.manylinux_2_24_aarch64.whl", hash = "sha256:77519bc6816a0fa648795ef0d5337c18e4b7be1c43c4944599a87004037579c5"},
    {file = "Cython-0.29.27-cp38-cp38-manylinux_2_17_x86_64.manylinux2014_x86_64.manylinux_2_24_x86_64.whl", hash = "sha256:65757e10590a1fbce84135491a5b53a1dc8c792cff78db4bb76b09d6df21dc0e"},
    {file = "Cython-0.29.27-cp38-cp38-manylinux_2_5_i686.manylinux1_i686.manylinux_2_24_i686.whl", hash = "sha256:0bf5182c6bf3fe73cf14f902506baa2b6ec3cea057775393f24eb66d3f2d1a51"},
    {file = "Cython-0.29.27-cp38-cp38-manylinux_2_5_i686.manylinux1_i686.whl", hash = "sha256:d46fef39778dfb1d62e577c02dd2bac3930b9d28419d070ee0dae297e4a90af1"},
    {file = "Cython-0.29.27-cp38-cp38-manylinux_2_5_x86_64.manylinux1_x86_64.whl", hash = "sha256:ca361afc6152221476bc89c335d54b8241502c57b89c760ded9f2f2de2e2a0b5"},
    {file = "Cython-0.29.27-cp38-cp38-musllinux_1_1_x86_64.whl", hash = "sha256:00c0f379763bf5f37a2180e4943cb69d0d96e90637aba596c3d9bc061c09f44d"},
    {file = "Cython-0.29.27-cp39-cp39-manylinux_2_17_aarch64.manylinux2014_aarch64.manylinux_2_24_aarch64.whl", hash = "sha256:a571dcba3fbd755c187bb464a4cdaf1ce71ca7b92bdb8122c46c1812b86b6c2f"},
    {file = "Cython-0.29.27-cp39-cp39-manylinux_2_17_x86_64.manylinux2014_x86_64.manylinux_2_24_x86_64.whl", hash = "sha256:11e88a9826ad71a0ab7eda04d065cb34f320b2f453bc654436c42870f79a7c47"},
    {file = "Cython-0.29.27-cp39-cp39-manylinux_2_5_i686.manylinux1_i686.manylinux_2_24_i686.whl", hash = "sha256:f3c738662c572676883561a393c8fb6e7a807ffb8fcd286c510ed88c27f53a65"},
    {file = "Cython-0.29.27-cp39-cp39-manylinux_2_5_i686.manylinux1_i686.whl", hash = "sha256:6670e5643fa05112aa88ea8f54088396fe5c113383cd898100450ad156fe1e4a"},
    {file = "Cython-0.29.27-cp39-cp39-manylinux_2_5_x86_64.manylinux1_x86_64.whl", hash = "sha256:f054331ed29f81cfd22335b96af9d33788b01338b1a5b7939f18412336ab06fd"},
    {file = "Cython-0.29.27-cp39-cp39-musllinux_1_1_x86_64.whl", hash = "sha256:7149835ef701f8f9a417059253f52f393e4334d3819caf8ceab4194c9c4098ce"},
    {file = "Cython-0.29.27-py2.py3-none-any.whl", hash = "sha256:8e7ced83f7a3ab619abe03fa2ae2de888cc429028263c95655189085346b8fcc"},
    {file = "Cython-0.29.27.tar.gz", hash = "sha256:c6a442504db906dfc13a480e96850cced994ecdc076bcf492c43515b78f70da2"},
]
fasteners = [
    {file = "fasteners-0.17.3-py3-none-any.whl", hash = "sha256:cae0772df265923e71435cc5057840138f4e8b6302f888a567d06ed8e1cbca03"},
    {file = "fasteners-0.17.3.tar.gz", hash = "sha256:a9a42a208573d4074c77d041447336cf4e3c1389a256fd3e113ef59cf29b7980"},
]
glfw = [
    {file = "glfw-2.5.0-py2.py27.py3.py30.py31.py32.py33.py34.py35.py36.py37.py38-none-macosx_10_6_intel.whl", hash = "sha256:ab989c39f7dcc3b1c1928598e33af7b4cf69875cd14d4f5af9763d70edbcc063"},
    {file = "glfw-2.5.0-py2.py27.py3.py30.py31.py32.py33.py34.py35.py36.py37.py38-none-macosx_11_0_arm64.whl", hash = "sha256:5cd0039607c188748d11bded42c6aeb32a2a3e39246a2d51131de91868dbf7db"},
    {file = "glfw-2.5.0-py2.py27.py3.py30.py31.py32.py33.py34.py35.py36.py37.py38-none-manylinux2010_i686.whl", hash = "sha256:892c11f50a3e10366bfaba59dd28630b586b1e1c060b45e36508ce0e0c7d006f"},
    {file = "glfw-2.5.0-py2.py27.py3.py30.py31.py32.py33.py34.py35.py36.py37.py38-none-manylinux2010_x86_64.whl", hash = "sha256:e6b2a65f60a3668c8f7ae4425298907ec19753844514725e57db440a15d5b693"},
    {file = "glfw-2.5.0-py2.py27.py3.py30.py31.py32.py33.py34.py35.py36.py37.py38-none-manylinux2014_aarch64.whl", hash = "sha256:ce7ae29800e576eefc405bcc569adfcb874fbd48ee435ffc98e69f1ab6f4f735"},
    {file = "glfw-2.5.0-py2.py27.py3.py30.py31.py32.py33.py34.py35.py36.py37.py38-none-manylinux2014_x86_64.whl", hash = "sha256:4d8e151084fc8f0416acc73b7d2e6731d788acc44aead104a9bbfb902e0700f7"},
    {file = "glfw-2.5.0-py2.py27.py3.py30.py31.py32.py33.py34.py35.py36.py37.py38-none-win32.whl", hash = "sha256:8766fd0a96091796d85b477814918723b5971352bd3395480331eda9cbdf0753"},
    {file = "glfw-2.5.0-py2.py27.py3.py30.py31.py32.py33.py34.py35.py36.py37.py38-none-win_amd64.whl", hash = "sha256:e0104311588d57e837952ee581b095b1b6cbd8db72da0304218923de7d0b0d96"},
    {file = "glfw-2.5.0.tar.gz", hash = "sha256:52544a4a512ba7f829f809759a458d6bbf801565769cf88b4e1c359a4493ebb1"},
]
gym = [
    {file = "gym-0.21.0.tar.gz", hash = "sha256:0fd1ce165c754b4017e37a617b097c032b8c3feb8a0394ccc8777c7c50dddff3"},
]
imageio = [
    {file = "imageio-2.15.0-py3-none-any.whl", hash = "sha256:d5e553c8e8fd01ac27094df32bf020b553f640a71b042c960c8341bf7d313a8e"},
    {file = "imageio-2.15.0.tar.gz", hash = "sha256:d0d7abb4e5c4044c06fc573233489c4a25582698f93ca94f7bd70b6f4ab172ec"},
]
mujoco-py = [
    {file = "mujoco-py-2.1.2.14.tar.gz", hash = "sha256:eb5b14485acf80a3cf8c15f4b080c6a28a9f79e68869aa696d16cbd51ea7706f"},
    {file = "mujoco_py-2.1.2.14-py3-none-any.whl", hash = "sha256:37c0b41bc0153a8a0eb3663103a67c60f65467753f74e4ff6e68b879f3e3a71f"},
]
numpy = [
    {file = "numpy-1.22.2-cp310-cp310-macosx_10_14_x86_64.whl", hash = "sha256:515a8b6edbb904594685da6e176ac9fbea8f73a5ebae947281de6613e27f1956"},
    {file = "numpy-1.22.2-cp310-cp310-macosx_11_0_arm64.whl", hash = "sha256:76a4f9bce0278becc2da7da3b8ef854bed41a991f4226911a24a9711baad672c"},
    {file = "numpy-1.22.2-cp310-cp310-manylinux_2_17_aarch64.manylinux2014_aarch64.whl", hash = "sha256:168259b1b184aa83a514f307352c25c56af111c269ffc109d9704e81f72e764b"},
    {file = "numpy-1.22.2-cp310-cp310-manylinux_2_17_x86_64.manylinux2014_x86_64.whl", hash = "sha256:3556c5550de40027d3121ebbb170f61bbe19eb639c7ad0c7b482cd9b560cd23b"},
    {file = "numpy-1.22.2-cp310-cp310-win_amd64.whl", hash = "sha256:aafa46b5a39a27aca566198d3312fb3bde95ce9677085efd02c86f7ef6be4ec7"},
    {file = "numpy-1.22.2-cp38-cp38-macosx_10_14_x86_64.whl", hash = "sha256:55535c7c2f61e2b2fc817c5cbe1af7cb907c7f011e46ae0a52caa4be1f19afe2"},
    {file = "numpy-1.22.2-cp38-cp38-macosx_11_0_arm64.whl", hash = "sha256:60cb8e5933193a3cc2912ee29ca331e9c15b2da034f76159b7abc520b3d1233a"},
    {file = "numpy-1.22.2-cp38-cp38-manylinux_2_17_aarch64.manylinux2014_aarch64.whl", hash = "sha256:0b536b6840e84c1c6a410f3a5aa727821e6108f3454d81a5cd5900999ef04f89"},
    {file = "numpy-1.22.2-cp38-cp38-manylinux_2_17_x86_64.manylinux2014_x86_64.whl", hash = "sha256:2638389562bda1635b564490d76713695ff497242a83d9b684d27bb4a6cc9d7a"},
    {file = "numpy-1.22.2-cp38-cp38-win32.whl", hash = "sha256:6767ad399e9327bfdbaa40871be4254d1995f4a3ca3806127f10cec778bd9896"},
    {file = "numpy-1.22.2-cp38-cp38-win_amd64.whl", hash = "sha256:03ae5850619abb34a879d5f2d4bb4dcd025d6d8fb72f5e461dae84edccfe129f"},
    {file = "numpy-1.22.2-cp39-cp39-macosx_10_14_x86_64.whl", hash = "sha256:d76a26c5118c4d96e264acc9e3242d72e1a2b92e739807b3b69d8d47684b6677"},
    {file = "numpy-1.22.2-cp39-cp39-macosx_11_0_arm64.whl", hash = "sha256:15efb7b93806d438e3bc590ca8ef2f953b0ce4f86f337ef4559d31ec6cf9d7dd"},
    {file = "numpy-1.22.2-cp39-cp39-manylinux_2_17_aarch64.manylinux2014_aarch64.whl", hash = "sha256:badca914580eb46385e7f7e4e426fea6de0a37b9e06bec252e481ae7ec287082"},
    {file = "numpy-1.22.2-cp39-cp39-manylinux_2_17_x86_64.manylinux2014_x86_64.whl", hash = "sha256:94dd11d9f13ea1be17bac39c1942f527cbf7065f94953cf62dfe805653da2f8f"},
    {file = "numpy-1.22.2-cp39-cp39-win32.whl", hash = "sha256:8cf33634b60c9cef346663a222d9841d3bbbc0a2f00221d6bcfd0d993d5543f6"},
    {file = "numpy-1.22.2-cp39-cp39-win_amd64.whl", hash = "sha256:59153979d60f5bfe9e4c00e401e24dfe0469ef8da6d68247439d3278f30a180f"},
    {file = "numpy-1.22.2-pp38-pypy38_pp73-manylinux_2_17_x86_64.manylinux2014_x86_64.whl", hash = "sha256:4a176959b6e7e00b5a0d6f549a479f869829bfd8150282c590deee6d099bbb6e"},
    {file = "numpy-1.22.2.zip", hash = "sha256:076aee5a3763d41da6bef9565fdf3cb987606f567cd8b104aded2b38b7b47abf"},
]
pettingzoo = [
    {file = "PettingZoo-1.15.0.tar.gz", hash = "sha256:cded4074aa94bad9733d5c55c73ed27e50c6bfd525e07f0e6f7c4d0a379bb249"},
]
pillow = [
    {file = "Pillow-9.0.1-1-cp310-cp310-macosx_11_0_arm64.whl", hash = "sha256:a5d24e1d674dd9d72c66ad3ea9131322819ff86250b30dc5821cbafcfa0b96b4"},
    {file = "Pillow-9.0.1-1-cp38-cp38-macosx_11_0_arm64.whl", hash = "sha256:2632d0f846b7c7600edf53c48f8f9f1e13e62f66a6dbc15191029d950bfed976"},
    {file = "Pillow-9.0.1-1-cp39-cp39-macosx_11_0_arm64.whl", hash = "sha256:b9618823bd237c0d2575283f2939655f54d51b4527ec3972907a927acbcc5bfc"},
    {file = "Pillow-9.0.1-cp310-cp310-macosx_10_10_universal2.whl", hash = "sha256:9bfdb82cdfeccec50aad441afc332faf8606dfa5e8efd18a6692b5d6e79f00fd"},
    {file = "Pillow-9.0.1-cp310-cp310-macosx_11_0_arm64.whl", hash = "sha256:5100b45a4638e3c00e4d2320d3193bdabb2d75e79793af7c3eb139e4f569f16f"},
    {file = "Pillow-9.0.1-cp310-cp310-manylinux_2_17_aarch64.manylinux2014_aarch64.whl", hash = "sha256:528a2a692c65dd5cafc130de286030af251d2ee0483a5bf50c9348aefe834e8a"},
    {file = "Pillow-9.0.1-cp310-cp310-manylinux_2_17_i686.manylinux2014_i686.whl", hash = "sha256:0f29d831e2151e0b7b39981756d201f7108d3d215896212ffe2e992d06bfe049"},
    {file = "Pillow-9.0.1-cp310-cp310-manylinux_2_17_x86_64.manylinux2014_x86_64.whl", hash = "sha256:855c583f268edde09474b081e3ddcd5cf3b20c12f26e0d434e1386cc5d318e7a"},
    {file = "Pillow-9.0.1-cp310-cp310-win32.whl", hash = "sha256:d9d7942b624b04b895cb95af03a23407f17646815495ce4547f0e60e0b06f58e"},
    {file = "Pillow-9.0.1-cp310-cp310-win_amd64.whl", hash = "sha256:81c4b81611e3a3cb30e59b0cf05b888c675f97e3adb2c8672c3154047980726b"},
    {file = "Pillow-9.0.1-cp37-cp37m-macosx_10_10_x86_64.whl", hash = "sha256:413ce0bbf9fc6278b2d63309dfeefe452835e1c78398efb431bab0672fe9274e"},
    {file = "Pillow-9.0.1-cp37-cp37m-manylinux_2_17_aarch64.manylinux2014_aarch64.whl", hash = "sha256:80fe64a6deb6fcfdf7b8386f2cf216d329be6f2781f7d90304351811fb591360"},
    {file = "Pillow-9.0.1-cp37-cp37m-manylinux_2_17_i686.manylinux2014_i686.whl", hash = "sha256:cef9c85ccbe9bee00909758936ea841ef12035296c748aaceee535969e27d31b"},
    {file = "Pillow-9.0.1-cp37-cp37m-manylinux_2_17_x86_64.manylinux2014_x86_64.whl", hash = "sha256:1d19397351f73a88904ad1aee421e800fe4bbcd1aeee6435fb62d0a05ccd1030"},
    {file = "Pillow-9.0.1-cp37-cp37m-win32.whl", hash = "sha256:d21237d0cd37acded35154e29aec853e945950321dd2ffd1a7d86fe686814669"},
    {file = "Pillow-9.0.1-cp37-cp37m-win_amd64.whl", hash = "sha256:ede5af4a2702444a832a800b8eb7f0a7a1c0eed55b644642e049c98d589e5092"},
    {file = "Pillow-9.0.1-cp38-cp38-macosx_10_10_x86_64.whl", hash = "sha256:b5b3f092fe345c03bca1e0b687dfbb39364b21ebb8ba90e3fa707374b7915204"},
    {file = "Pillow-9.0.1-cp38-cp38-macosx_11_0_arm64.whl", hash = "sha256:335ace1a22325395c4ea88e00ba3dc89ca029bd66bd5a3c382d53e44f0ccd77e"},
    {file = "Pillow-9.0.1-cp38-cp38-manylinux_2_17_aarch64.manylinux2014_aarch64.whl", hash = "sha256:db6d9fac65bd08cea7f3540b899977c6dee9edad959fa4eaf305940d9cbd861c"},
    {file = "Pillow-9.0.1-cp38-cp38-manylinux_2_17_i686.manylinux2014_i686.whl", hash = "sha256:f154d173286a5d1863637a7dcd8c3437bb557520b01bddb0be0258dcb72696b5"},
    {file = "Pillow-9.0.1-cp38-cp38-manylinux_2_17_x86_64.manylinux2014_x86_64.whl", hash = "sha256:14d4b1341ac07ae07eb2cc682f459bec932a380c3b122f5540432d8977e64eae"},
    {file = "Pillow-9.0.1-cp38-cp38-win32.whl", hash = "sha256:effb7749713d5317478bb3acb3f81d9d7c7f86726d41c1facca068a04cf5bb4c"},
    {file = "Pillow-9.0.1-cp38-cp38-win_amd64.whl", hash = "sha256:7f7609a718b177bf171ac93cea9fd2ddc0e03e84d8fa4e887bdfc39671d46b00"},
    {file = "Pillow-9.0.1-cp39-cp39-macosx_10_10_x86_64.whl", hash = "sha256:80ca33961ced9c63358056bd08403ff866512038883e74f3a4bf88ad3eb66838"},
    {file = "Pillow-9.0.1-cp39-cp39-macosx_11_0_arm64.whl", hash = "sha256:1c3c33ac69cf059bbb9d1a71eeaba76781b450bc307e2291f8a4764d779a6b28"},
    {file = "Pillow-9.0.1-cp39-cp39-manylinux_2_17_aarch64.manylinux2014_aarch64.whl", hash = "sha256:12875d118f21cf35604176872447cdb57b07126750a33748bac15e77f90f1f9c"},
    {file = "Pillow-9.0.1-cp39-cp39-manylinux_2_17_i686.manylinux2014_i686.whl", hash = "sha256:514ceac913076feefbeaf89771fd6febde78b0c4c1b23aaeab082c41c694e81b"},
    {file = "Pillow-9.0.1-cp39-cp39-manylinux_2_17_x86_64.manylinux2014_x86_64.whl", hash = "sha256:d3c5c79ab7dfce6d88f1ba639b77e77a17ea33a01b07b99840d6ed08031cb2a7"},
    {file = "Pillow-9.0.1-cp39-cp39-win32.whl", hash = "sha256:718856856ba31f14f13ba885ff13874be7fefc53984d2832458f12c38205f7f7"},
    {file = "Pillow-9.0.1-cp39-cp39-win_amd64.whl", hash = "sha256:f25ed6e28ddf50de7e7ea99d7a976d6a9c415f03adcaac9c41ff6ff41b6d86ac"},
    {file = "Pillow-9.0.1-pp37-pypy37_pp73-macosx_10_10_x86_64.whl", hash = "sha256:011233e0c42a4a7836498e98c1acf5e744c96a67dd5032a6f666cc1fb97eab97"},
    {file = "Pillow-9.0.1-pp37-pypy37_pp73-manylinux_2_17_i686.manylinux2014_i686.whl", hash = "sha256:253e8a302a96df6927310a9d44e6103055e8fb96a6822f8b7f514bb7ef77de56"},
    {file = "Pillow-9.0.1-pp37-pypy37_pp73-manylinux_2_17_x86_64.manylinux2014_x86_64.whl", hash = "sha256:6295f6763749b89c994fcb6d8a7f7ce03c3992e695f89f00b741b4580b199b7e"},
    {file = "Pillow-9.0.1-pp38-pypy38_pp73-win_amd64.whl", hash = "sha256:a9f44cd7e162ac6191491d7249cceb02b8116b0f7e847ee33f739d7cb1ea1f70"},
    {file = "Pillow-9.0.1.tar.gz", hash = "sha256:6c8bc8238a7dfdaf7a75f5ec5a663f4173f8c367e5a39f87e720495e1eed75fa"},
]
pycodestyle = [
    {file = "pycodestyle-2.8.0-py2.py3-none-any.whl", hash = "sha256:720f8b39dde8b293825e7ff02c475f3077124006db4f440dcbc9a20b76548a20"},
    {file = "pycodestyle-2.8.0.tar.gz", hash = "sha256:eddd5847ef438ea1c7870ca7eb78a9d47ce0cdb4851a5523949f2601d0cbbe7f"},
]
pycparser = [
    {file = "pycparser-2.21-py2.py3-none-any.whl", hash = "sha256:8ee45429555515e1f6b185e78100aea234072576aa43ab53aefcae078162fca9"},
    {file = "pycparser-2.21.tar.gz", hash = "sha256:e644fdec12f7872f86c58ff790da456218b10f863970249516d60a5eaca77206"},
]
pyglet = [
    {file = "pyglet-1.5.21-py3-none-any.whl", hash = "sha256:11f11ddda4ee456284f2ddd1fe5c62fe29ba8c42074d3d9ae52d094abc2e1b7c"},
    {file = "pyglet-1.5.21.zip", hash = "sha256:5aaaddb06dc4b6f9ba08254d8d806a2bd2406925a9caf3a51fdffbd5d09728e2"},
]
toml = [
    {file = "toml-0.10.2-py2.py3-none-any.whl", hash = "sha256:806143ae5bfb6a3c6e736a764057db0e6a0e05e338b5630894a5f779cabb4f9b"},
    {file = "toml-0.10.2.tar.gz", hash = "sha256:b3bda1d108d5dd99f4a20d24d9c348e91c4db7ab1b749200bded2f839ccbe68f"},
]
torch = []
typing-extensions = [
    {file = "typing_extensions-4.0.1-py3-none-any.whl", hash = "sha256:7f001e5ac290a0c0401508864c7ec868be4e701886d5b573a9528ed3973d9d3b"},
    {file = "typing_extensions-4.0.1.tar.gz", hash = "sha256:4ca091dea149f945ec56afb48dae714f21e8692ef22a395223bcd328961b6a0e"},
]
